
Microsoft Visual Studio Solution File, Format Version 12.00
# Visual Studio Version 17
VisualStudioVersion = 17.14.36203.30 d17.14
MinimumVisualStudioVersion = 10.0.40219.1
Project("{FAE04EC0-301F-11D3-BF4B-00C04F79EFBC}") = "Betty", "Betty.csproj", "{114565C0-9979-458F-B980-711567E2D5EA}"
EndProject
Global
	GlobalSection(SolutionConfigurationPlatforms) = preSolution
		Debug|Any CPU = Debug|Any CPU
		Release|Any CPU = Release|Any CPU
	EndGlobalSection
	GlobalSection(ProjectConfigurationPlatforms) = postSolution
		{114565C0-9979-458F-B980-711567E2D5EA}.Debug|Any CPU.ActiveCfg = Debug|Any CPU
		{114565C0-9979-458F-B980-711567E2D5EA}.Debug|Any CPU.Build.0 = Debug|Any CPU
		{114565C0-9979-458F-B980-711567E2D5EA}.Release|Any CPU.ActiveCfg = Release|Any CPU
		{114565C0-9979-458F-B980-711567E2D5EA}.Release|Any CPU.Build.0 = Release|Any CPU
	EndGlobalSection
	GlobalSection(SolutionProperties) = preSolution
		HideSolutionNode = FALSE
	EndGlobalSection
	GlobalSection(ExtensibilityGlobals) = postSolution
		SolutionGuid = {7EE757DB-7125-4241-A573-BFE005D4E308}
	EndGlobalSection
EndGlobal
